// !$*UTF8*$!
{
	archiveVersion = 1;
	classes = {
	};
	objectVersion = 46;
	objects = {

/* Begin PBXBuildFile section */
		C946D5571BA48A820034D90F /* main.cpp in Sources */ = {isa = PBXBuildFile; fileRef = C946D5561BA48A820034D90F /* main.cpp */; };
		C946D55F1BA48AC30034D90F /* GLUT.framework in Frameworks */ = {isa = PBXBuildFile; fileRef = C946D55E1BA48AC30034D90F /* GLUT.framework */; };
		C946D5611BA48ADF0034D90F /* OpenGL.framework in Frameworks */ = {isa = PBXBuildFile; fileRef = C946D5601BA48ADF0034D90F /* OpenGL.framework */; };
/* End PBXBuildFile section */

/* Begin PBXCopyFilesBuildPhase section */
		C946D5511BA48A820034D90F /* CopyFiles */ = {
			isa = PBXCopyFilesBuildPhase;
			buildActionMask = 2147483647;
			dstPath = /usr/share/man/man1/;
			dstSubfolderSpec = 0;
			files = (
			);
			runOnlyForDeploymentPostprocessing = 1;
		};
/* End PBXCopyFilesBuildPhase section */

/* Begin PBXFileReference section */
		C946D5531BA48A820034D90F /* Curves */ = {isa = PBXFileReference; explicitFileType = "compiled.mach-o.executable"; includeInIndex = 0; path = Curves; sourceTree = BUILT_PRODUCTS_DIR; };
		C946D5561BA48A820034D90F /* main.cpp */ = {isa = PBXFileReference; lastKnownFileType = sourcecode.cpp.cpp; path = main.cpp; sourceTree = "<group>"; };
		C946D55D1BA48AAA0034D90F /* Point.h */ = {isa = PBXFileReference; lastKnownFileType = sourcecode.c.h; path = Point.h; sourceTree = "<group>"; };
		C946D55E1BA48AC30034D90F /* GLUT.framework */ = {isa = PBXFileReference; lastKnownFileType = wrapper.framework; name = GLUT.framework; path = System/Library/Frameworks/GLUT.framework; sourceTree = SDKROOT; };
		C946D5601BA48ADF0034D90F /* OpenGL.framework */ = {isa = PBXFileReference; lastKnownFileType = wrapper.framework; name = OpenGL.framework; path = System/Library/Frameworks/OpenGL.framework; sourceTree = SDKROOT; };
		C95C71C21BB4AE9400634D6A /* curve.h */ = {isa = PBXFileReference; lastKnownFileType = sourcecode.c.h; path = curve.h; sourceTree = "<group>"; };
		C95C71C31BB8DE1B00634D6A /* lagrange.h */ = {isa = PBXFileReference; lastKnownFileType = sourcecode.c.h; path = lagrange.h; sourceTree = "<group>"; };
		C95C71C41BB8DE7700634D6A /* bezier.h */ = {isa = PBXFileReference; lastKnownFileType = sourcecode.c.h; path = bezier.h; sourceTree = "<group>"; };
		C95C71C51BB8DEBE00634D6A /* bspline.h */ = {isa = PBXFileReference; lastKnownFileType = sourcecode.c.h; path = bspline.h; sourceTree = "<group>"; };
		C95C71C61BB8DF2800634D6A /* catmullrom.h */ = {isa = PBXFileReference; lastKnownFileType = sourcecode.c.h; path = catmullrom.h; sourceTree = "<group>"; };
/* End PBXFileReference section */

/* Begin PBXFrameworksBuildPhase section */
		C946D5501BA48A820034D90F /* Frameworks */ = {
			isa = PBXFrameworksBuildPhase;
			buildActionMask = 2147483647;
			files = (
				C946D5611BA48ADF0034D90F /* OpenGL.framework in Frameworks */,
				C946D55F1BA48AC30034D90F /* GLUT.framework in Frameworks */,
			);
			runOnlyForDeploymentPostprocessing = 0;
		};
/* End PBXFrameworksBuildPhase section */

/* Begin PBXGroup section */
		C946D54A1BA48A820034D90F = {
			isa = PBXGroup;
			children = (
				C946D5601BA48ADF0034D90F /* OpenGL.framework */,
				C946D55E1BA48AC30034D90F /* GLUT.framework */,
				C946D5551BA48A820034D90F /* Curves */,
				C946D5541BA48A820034D90F /* Products */,
			);
			sourceTree = "<group>";
		};
		C946D5541BA48A820034D90F /* Products */ = {
			isa = PBXGroup;
			children = (
				C946D5531BA48A820034D90F /* Curves */,
			);
			name = Products;
			sourceTree = "<group>";
		};
		C946D5551BA48A820034D90F /* Curves */ = {
			isa = PBXGroup;
			children = (
				C946D5561BA48A820034D90F /* main.cpp */,
				C946D55D1BA48AAA0034D90F /* Point.h */,
				C95C71C21BB4AE9400634D6A /* curve.h */,
				C95C71C41BB8DE7700634D6A /* bezier.h */,
				C95C71C31BB8DE1B00634D6A /* lagrange.h */,
				C95C71C51BB8DEBE00634D6A /* bspline.h */,
				C95C71C61BB8DF2800634D6A /* catmullrom.h */,
			);
			path = Curves;
			sourceTree = "<group>";
		};
/* End PBXGroup section */

/* Begin PBXNativeTarget section */
		C946D5521BA48A820034D90F /* Curves */ = {
			isa = PBXNativeTarget;
			buildConfigurationList = C946D55A1BA48A820034D90F /* Build configuration list for PBXNativeTarget "Curves" */;
			buildPhases = (
				C946D54F1BA48A820034D90F /* Sources */,
				C946D5501BA48A820034D90F /* Frameworks */,
				C946D5511BA48A820034D90F /* CopyFiles */,
			);
			buildRules = (
			);
			dependencies = (
			);
			name = Curves;
			productName = Curves;
			productReference = C946D5531BA48A820034D90F /* Curves */;
			productType = "com.apple.product-type.tool";
		};
/* End PBXNativeTarget section */

/* Begin PBXProject section */
		C946D54B1BA48A820034D90F /* Project object */ = {
			isa = PBXProject;
			attributes = {
				LastUpgradeCheck = 0700;
				ORGANIZATIONNAME = "Matthew Dillard";
				TargetAttributes = {
					C946D5521BA48A820034D90F = {
						CreatedOnToolsVersion = 6.4;
					};
				};
			};
			buildConfigurationList = C946D54E1BA48A820034D90F /* Build configuration list for PBXProject "Curves" */;
			compatibilityVersion = "Xcode 3.2";
			developmentRegion = English;
			hasScannedForEncodings = 0;
			knownRegions = (
				en,
			);
			mainGroup = C946D54A1BA48A820034D90F;
			productRefGroup = C946D5541BA48A820034D90F /* Products */;
			projectDirPath = "";
			projectRoot = "";
			targets = (
				C946D5521BA48A820034D90F /* Curves */,
			);
		};
/* End PBXProject section */

/* Begin PBXSourcesBuildPhase section */
		C946D54F1BA48A820034D90F /* Sources */ = {
			isa = PBXSourcesBuildPhase;
			buildActionMask = 2147483647;
			files = (
				C946D5571BA48A820034D90F /* main.cpp in Sources */,
			);
			runOnlyForDeploymentPostprocessing = 0;
		};
/* End PBXSourcesBuildPhase section */

/* Begin XCBuildConfiguration section */
		C946D5581BA48A820034D90F /* Debug */ = {
			isa = XCBuildConfiguration;
			buildSettings = {
				ALWAYS_SEARCH_USER_PATHS = NO;
				CLANG_CXX_LANGUAGE_STANDARD = "gnu++0x";
				CLANG_CXX_LIBRARY = "libc++";
				CLANG_ENABLE_MODULES = YES;
				CLANG_ENABLE_OBJC_ARC = YES;
				CLANG_WARN_BOOL_CONVERSION = YES;
				CLANG_WARN_CONSTANT_CONVERSION = YES;
				CLANG_WARN_DIRECT_OBJC_ISA_USAGE = YES_ERROR;
				CLANG_WARN_EMPTY_BODY = YES;
				CLANG_WARN_ENUM_CONVERSION = YES;
				CLANG_WARN_INT_CONVERSION = YES;
				CLANG_WARN_OBJC_ROOT_CLASS = YES_ERROR;
				CLANG_WARN_UNREACHABLE_CODE = YES;
				CLANG_WARN__DUPLICATE_METHOD_MATCH = YES;
				COPY_PHASE_STRIP = NO;
				DEBUG_INFORMATION_FORMAT = dwarf;
				ENABLE_STRICT_OBJC_MSGSEND = YES;
				ENABLE_TESTABILITY = YES;
				GCC_C_LANGUAGE_STANDARD = gnu99;
				GCC_DYNAMIC_NO_PIC = NO;
				GCC_NO_COMMON_BLOCKS = YES;
				GCC_OPTIMIZATION_LEVEL = 0;
				GCC_PREPROCESSOR_DEFINITIONS = (
					"DEBUG=1",
					"$(inherited)",
				);
				GCC_SYMBOLS_PRIVATE_EXTERN = NO;
				GCC_WARN_64_TO_32_BIT_CONVERSION = YES;
				GCC_WARN_ABOUT_RETURN_TYPE = YES_ERROR;
				GCC_WARN_UNDECLARED_SELECTOR = YES;
				GCC_WARN_UNINITIALIZED_AUTOS = YES_AGGRESSIVE;
				GCC_WARN_UNUSED_FUNCTION = YES;
				GCC_WARN_UNUSED_VARIABLE = YES;
				MACOSX_DEPLOYMENT_TARGET = 10.11;
				MTL_ENABLE_DEBUG_INFO = YES;
				ONLY_ACTIVE_ARCH = YES;
				SDKROOT = macosx;
			};
			name = Debug;
		};
		C946D5591BA48A820034D90F /* Release */ = {
			isa = XCBuildConfiguration;
			buildSettings = {
				ALWAYS_SEARCH_USER_PATHS = NO;
				CLANG_CXX_LANGUAGE_STANDARD = "gnu++0x";
				CLANG_CXX_LIBRARY = "libc++";
				CLANG_ENABLE_MODULES = YES;
				CLANG_ENABLE_OBJC_ARC = YES;
				CLANG_WARN_BOOL_CONVERSION = YES;
				CLANG_WARN_CONSTANT_CONVERSION = YES;
				CLANG_WARN_DIRECT_OBJC_ISA_USAGE = YES_ERROR;
				CLANG_WARN_EMPTY_BODY = YES;
				CLANG_WARN_ENUM_CONVERSION = YES;
				CLANG_WARN_INT_CONVERSION = YES;
				CLANG_WARN_OBJC_ROOT_CLASS = YES_ERROR;
				CLANG_WARN_UNREACHABLE_CODE = YES;
				CLANG_WARN__DUPLICATE_METHOD_MATCH = YES;
				COPY_PHASE_STRIP = NO;
				DEBUG_INFORMATION_FORMAT = "dwarf-with-dsym";
				ENABLE_NS_ASSERTIONS = NO;
				ENABLE_STRICT_OBJC_MSGSEND = YES;
				GCC_C_LANGUAGE_STANDARD = gnu99;
				GCC_NO_COMMON_BLOCKS = YES;
				GCC_WARN_64_TO_32_BIT_CONVERSION = YES;
				GCC_WARN_ABOUT_RETURN_TYPE = YES_ERROR;
				GCC_WARN_UNDECLARED_SELECTOR = YES;
				GCC_WARN_UNINITIALIZED_AUTOS = YES_AGGRESSIVE;
				GCC_WARN_UNUSED_FUNCTION = YES;
				GCC_WARN_UNUSED_VARIABLE = YES;
				MACOSX_DEPLOYMENT_TARGET = 10.11;
				MTL_ENABLE_DEBUG_INFO = NO;
				SDKROOT = macosx;
			};
			name = Release;
		};
		C946D55B1BA48A820034D90F /* Debug */ = {
			isa = XCBuildConfiguration;
			buildSettings = {
				MACOSX_DEPLOYMENT_TARGET = 10.10;
				PRODUCT_NAME = "$(TARGET_NAME)";
			};
			name = Debug;
		};
		C946D55C1BA48A820034D90F /* Release */ = {
			isa = XCBuildConfiguration;
			buildSettings = {
				MACOSX_DEPLOYMENT_TARGET = 10.10;
				PRODUCT_NAME = "$(TARGET_NAME)";
			};
			name = Release;
		};
/* End XCBuildConfiguration section */

/* Begin XCConfigurationList section */
		C946D54E1BA48A820034D90F /* Build configuration list for PBXProject "Curves" */ = {
			isa = XCConfigurationList;
			buildConfigurations = (
				C946D5581BA48A820034D90F /* Debug */,
				C946D5591BA48A820034D90F /* Release */,
			);
			defaultConfigurationIsVisible = 0;
			defaultConfigurationName = Release;
		};
		C946D55A1BA48A820034D90F /* Build configuration list for PBXNativeTarget "Curves" */ = {
			isa = XCConfigurationList;
			buildConfigurations = (
				C946D55B1BA48A820034D90F /* Debug */,
				C946D55C1BA48A820034D90F /* Release */,
			);
			defaultConfigurationIsVisible = 0;
			defaultConfigurationName = Release;
		};
/* End XCConfigurationList section */
	};
	rootObject = C946D54B1BA48A820034D90F /* Project object */;
}
